
Microsoft Visual Studio Solution File, Format Version 12.00
# Visual Studio 15
VisualStudioVersion = 15.0.28307.572
MinimumVisualStudioVersion = 10.0.40219.1
Project("{888888A0-9F3D-457C-B088-3A5042F75D52}") = "games", "games.pyproj", "{C71B6A01-295A-4514-BD75-CD6D31E25AE3}"
EndProject
Global
	GlobalSection(SolutionConfigurationPlatforms) = preSolution
		Debug|Any CPU = Debug|Any CPU
		Release|Any CPU = Release|Any CPU
	EndGlobalSection
	GlobalSection(ProjectConfigurationPlatforms) = postSolution
		{C71B6A01-295A-4514-BD75-CD6D31E25AE3}.Debug|Any CPU.ActiveCfg = Debug|Any CPU
		{C71B6A01-295A-4514-BD75-CD6D31E25AE3}.Release|Any CPU.ActiveCfg = Release|Any CPU
	EndGlobalSection
	GlobalSection(SolutionProperties) = preSolution
		HideSolutionNode = FALSE
	EndGlobalSection
	GlobalSection(ExtensibilityGlobals) = postSolution
		SolutionGuid = {F3C20C9A-8384-4777-A43C-B6454BDB9CA8}
	EndGlobalSection
EndGlobal
